// !$*UTF8*$!
{
	archiveVersion = 1;
	classes = {
	};
	objectVersion = 46;
	objects = {

/* Begin PBXBuildFile section */
		528B97171DB8942A008BAAF8 /* AppDelegate.swift in Sources */ = {isa = PBXBuildFile; fileRef = 528B97161DB8942A008BAAF8 /* AppDelegate.swift */; };
		528B97191DB8942A008BAAF8 /* ViewController.swift in Sources */ = {isa = PBXBuildFile; fileRef = 528B97181DB8942A008BAAF8 /* ViewController.swift */; };
		528B971C1DB8942A008BAAF8 /* Main.storyboard in Resources */ = {isa = PBXBuildFile; fileRef = 528B971A1DB8942A008BAAF8 /* Main.storyboard */; };
		528B971F1DB8942A008BAAF8 /* Bokan.xcdatamodeld in Sources */ = {isa = PBXBuildFile; fileRef = 528B971D1DB8942A008BAAF8 /* Bokan.xcdatamodeld */; };
		528B97211DB8942A008BAAF8 /* Assets.xcassets in Resources */ = {isa = PBXBuildFile; fileRef = 528B97201DB8942A008BAAF8 /* Assets.xcassets */; };
		528B97241DB8942A008BAAF8 /* LaunchScreen.storyboard in Resources */ = {isa = PBXBuildFile; fileRef = 528B97221DB8942A008BAAF8 /* LaunchScreen.storyboard */; };
		528B972F1DB8942A008BAAF8 /* BokanTests.swift in Sources */ = {isa = PBXBuildFile; fileRef = 528B972E1DB8942A008BAAF8 /* BokanTests.swift */; };
		528B973A1DB8942A008BAAF8 /* BokanUITests.swift in Sources */ = {isa = PBXBuildFile; fileRef = 528B97391DB8942A008BAAF8 /* BokanUITests.swift */; };
		528B974B1DB89681008BAAF8 /* RootViewController.swift in Sources */ = {isa = PBXBuildFile; fileRef = 528B974A1DB89681008BAAF8 /* RootViewController.swift */; };
/* End PBXBuildFile section */

/* Begin PBXContainerItemProxy section */
		528B972B1DB8942A008BAAF8 /* PBXContainerItemProxy */ = {
			isa = PBXContainerItemProxy;
			containerPortal = 528B970B1DB8942A008BAAF8 /* Project object */;
			proxyType = 1;
			remoteGlobalIDString = 528B97121DB8942A008BAAF8;
			remoteInfo = Bokan;
		};
		528B97361DB8942A008BAAF8 /* PBXContainerItemProxy */ = {
			isa = PBXContainerItemProxy;
			containerPortal = 528B970B1DB8942A008BAAF8 /* Project object */;
			proxyType = 1;
			remoteGlobalIDString = 528B97121DB8942A008BAAF8;
			remoteInfo = Bokan;
		};
/* End PBXContainerItemProxy section */

/* Begin PBXFileReference section */
		528B97131DB8942A008BAAF8 /* Bokan.app */ = {isa = PBXFileReference; explicitFileType = wrapper.application; includeInIndex = 0; path = Bokan.app; sourceTree = BUILT_PRODUCTS_DIR; };
		528B97161DB8942A008BAAF8 /* AppDelegate.swift */ = {isa = PBXFileReference; lastKnownFileType = sourcecode.swift; path = AppDelegate.swift; sourceTree = "<group>"; };
		528B97181DB8942A008BAAF8 /* ViewController.swift */ = {isa = PBXFileReference; lastKnownFileType = sourcecode.swift; path = ViewController.swift; sourceTree = "<group>"; };
		528B971B1DB8942A008BAAF8 /* Base */ = {isa = PBXFileReference; lastKnownFileType = file.storyboard; name = Base; path = Base.lproj/Main.storyboard; sourceTree = "<group>"; };
		528B971E1DB8942A008BAAF8 /* Bokan.xcdatamodel */ = {isa = PBXFileReference; lastKnownFileType = wrapper.xcdatamodel; path = Bokan.xcdatamodel; sourceTree = "<group>"; };
		528B97201DB8942A008BAAF8 /* Assets.xcassets */ = {isa = PBXFileReference; lastKnownFileType = folder.assetcatalog; path = Assets.xcassets; sourceTree = "<group>"; };
		528B97231DB8942A008BAAF8 /* Base */ = {isa = PBXFileReference; lastKnownFileType = file.storyboard; name = Base; path = Base.lproj/LaunchScreen.storyboard; sourceTree = "<group>"; };
		528B97251DB8942A008BAAF8 /* Info.plist */ = {isa = PBXFileReference; lastKnownFileType = text.plist.xml; path = Info.plist; sourceTree = "<group>"; };
		528B972A1DB8942A008BAAF8 /* BokanTests.xctest */ = {isa = PBXFileReference; explicitFileType = wrapper.cfbundle; includeInIndex = 0; path = BokanTests.xctest; sourceTree = BUILT_PRODUCTS_DIR; };
		528B972E1DB8942A008BAAF8 /* BokanTests.swift */ = {isa = PBXFileReference; lastKnownFileType = sourcecode.swift; path = BokanTests.swift; sourceTree = "<group>"; };
		528B97301DB8942A008BAAF8 /* Info.plist */ = {isa = PBXFileReference; lastKnownFileType = text.plist.xml; path = Info.plist; sourceTree = "<group>"; };
		528B97351DB8942A008BAAF8 /* BokanUITests.xctest */ = {isa = PBXFileReference; explicitFileType = wrapper.cfbundle; includeInIndex = 0; path = BokanUITests.xctest; sourceTree = BUILT_PRODUCTS_DIR; };
		528B97391DB8942A008BAAF8 /* BokanUITests.swift */ = {isa = PBXFileReference; lastKnownFileType = sourcecode.swift; path = BokanUITests.swift; sourceTree = "<group>"; };
		528B973B1DB8942A008BAAF8 /* Info.plist */ = {isa = PBXFileReference; lastKnownFileType = text.plist.xml; path = Info.plist; sourceTree = "<group>"; };
		528B974A1DB89681008BAAF8 /* RootViewController.swift */ = {isa = PBXFileReference; fileEncoding = 4; lastKnownFileType = sourcecode.swift; path = RootViewController.swift; sourceTree = "<group>"; };
/* End PBXFileReference section */

/* Begin PBXFrameworksBuildPhase section */
		528B97101DB8942A008BAAF8 /* Frameworks */ = {
			isa = PBXFrameworksBuildPhase;
			buildActionMask = 2147483647;
			files = (
			);
			runOnlyForDeploymentPostprocessing = 0;
		};
		528B97271DB8942A008BAAF8 /* Frameworks */ = {
			isa = PBXFrameworksBuildPhase;
			buildActionMask = 2147483647;
			files = (
			);
			runOnlyForDeploymentPostprocessing = 0;
		};
		528B97321DB8942A008BAAF8 /* Frameworks */ = {
			isa = PBXFrameworksBuildPhase;
			buildActionMask = 2147483647;
			files = (
			);
			runOnlyForDeploymentPostprocessing = 0;
		};
/* End PBXFrameworksBuildPhase section */

/* Begin PBXGroup section */
		528B970A1DB8942A008BAAF8 = {
			isa = PBXGroup;
			children = (
				528B97151DB8942A008BAAF8 /* Bokan */,
				528B972D1DB8942A008BAAF8 /* BokanTests */,
				528B97381DB8942A008BAAF8 /* BokanUITests */,
				528B97141DB8942A008BAAF8 /* Products */,
			);
			sourceTree = "<group>";
		};
		528B97141DB8942A008BAAF8 /* Products */ = {
			isa = PBXGroup;
			children = (
				528B97131DB8942A008BAAF8 /* Bokan.app */,
				528B972A1DB8942A008BAAF8 /* BokanTests.xctest */,
				528B97351DB8942A008BAAF8 /* BokanUITests.xctest */,
			);
			name = Products;
			sourceTree = "<group>";
		};
		528B97151DB8942A008BAAF8 /* Bokan */ = {
			isa = PBXGroup;
			children = (
				528B97491DB89637008BAAF8 /* Root */,
				528B97161DB8942A008BAAF8 /* AppDelegate.swift */,
				528B97181DB8942A008BAAF8 /* ViewController.swift */,
				528B971A1DB8942A008BAAF8 /* Main.storyboard */,
				528B97201DB8942A008BAAF8 /* Assets.xcassets */,
				528B97221DB8942A008BAAF8 /* LaunchScreen.storyboard */,
				528B97251DB8942A008BAAF8 /* Info.plist */,
				528B971D1DB8942A008BAAF8 /* Bokan.xcdatamodeld */,
			);
			path = Bokan;
			sourceTree = "<group>";
		};
		528B972D1DB8942A008BAAF8 /* BokanTests */ = {
			isa = PBXGroup;
			children = (
				528B972E1DB8942A008BAAF8 /* BokanTests.swift */,
				528B97301DB8942A008BAAF8 /* Info.plist */,
			);
			path = BokanTests;
			sourceTree = "<group>";
		};
		528B97381DB8942A008BAAF8 /* BokanUITests */ = {
			isa = PBXGroup;
			children = (
				528B97391DB8942A008BAAF8 /* BokanUITests.swift */,
				528B973B1DB8942A008BAAF8 /* Info.plist */,
			);
			path = BokanUITests;
			sourceTree = "<group>";
		};
		528B97491DB89637008BAAF8 /* Root */ = {
			isa = PBXGroup;
			children = (
				528B974A1DB89681008BAAF8 /* RootViewController.swift */,
			);
			name = Root;
			sourceTree = "<group>";
		};
/* End PBXGroup section */

/* Begin PBXNativeTarget section */
		528B97121DB8942A008BAAF8 /* Bokan */ = {
			isa = PBXNativeTarget;
			buildConfigurationList = 528B973E1DB8942A008BAAF8 /* Build configuration list for PBXNativeTarget "Bokan" */;
			buildPhases = (
				528B970F1DB8942A008BAAF8 /* Sources */,
				528B97101DB8942A008BAAF8 /* Frameworks */,
				528B97111DB8942A008BAAF8 /* Resources */,
			);
			buildRules = (
			);
			dependencies = (
			);
			name = Bokan;
			productName = Bokan;
			productReference = 528B97131DB8942A008BAAF8 /* Bokan.app */;
			productType = "com.apple.product-type.application";
		};
		528B97291DB8942A008BAAF8 /* BokanTests */ = {
			isa = PBXNativeTarget;
			buildConfigurationList = 528B97411DB8942A008BAAF8 /* Build configuration list for PBXNativeTarget "BokanTests" */;
			buildPhases = (
				528B97261DB8942A008BAAF8 /* Sources */,
				528B97271DB8942A008BAAF8 /* Frameworks */,
				528B97281DB8942A008BAAF8 /* Resources */,
			);
			buildRules = (
			);
			dependencies = (
				528B972C1DB8942A008BAAF8 /* PBXTargetDependency */,
			);
			name = BokanTests;
			productName = BokanTests;
			productReference = 528B972A1DB8942A008BAAF8 /* BokanTests.xctest */;
			productType = "com.apple.product-type.bundle.unit-test";
		};
		528B97341DB8942A008BAAF8 /* BokanUITests */ = {
			isa = PBXNativeTarget;
			buildConfigurationList = 528B97441DB8942A008BAAF8 /* Build configuration list for PBXNativeTarget "BokanUITests" */;
			buildPhases = (
				528B97311DB8942A008BAAF8 /* Sources */,
				528B97321DB8942A008BAAF8 /* Frameworks */,
				528B97331DB8942A008BAAF8 /* Resources */,
			);
			buildRules = (
			);
			dependencies = (
				528B97371DB8942A008BAAF8 /* PBXTargetDependency */,
			);
			name = BokanUITests;
			productName = BokanUITests;
			productReference = 528B97351DB8942A008BAAF8 /* BokanUITests.xctest */;
			productType = "com.apple.product-type.bundle.ui-testing";
		};
/* End PBXNativeTarget section */

/* Begin PBXProject section */
		528B970B1DB8942A008BAAF8 /* Project object */ = {
			isa = PBXProject;
			attributes = {
				LastSwiftUpdateCheck = 0730;
				LastUpgradeCheck = 0810;
				ORGANIZATIONNAME = John;
				TargetAttributes = {
					528B97121DB8942A008BAAF8 = {
						CreatedOnToolsVersion = 7.3;
						LastSwiftMigration = 0810;
					};
					528B97291DB8942A008BAAF8 = {
						CreatedOnToolsVersion = 7.3;
						LastSwiftMigration = 0810;
						TestTargetID = 528B97121DB8942A008BAAF8;
					};
					528B97341DB8942A008BAAF8 = {
						CreatedOnToolsVersion = 7.3;
						LastSwiftMigration = 0810;
						TestTargetID = 528B97121DB8942A008BAAF8;
					};
				};
			};
			buildConfigurationList = 528B970E1DB8942A008BAAF8 /* Build configuration list for PBXProject "Bokan" */;
			compatibilityVersion = "Xcode 3.2";
			developmentRegion = English;
			hasScannedForEncodings = 0;
			knownRegions = (
				en,
				Base,
			);
			mainGroup = 528B970A1DB8942A008BAAF8;
			productRefGroup = 528B97141DB8942A008BAAF8 /* Products */;
			projectDirPath = "";
			projectRoot = "";
			targets = (
				528B97121DB8942A008BAAF8 /* Bokan */,
				528B97291DB8942A008BAAF8 /* BokanTests */,
				528B97341DB8942A008BAAF8 /* BokanUITests */,
			);
		};
/* End PBXProject section */

/* Begin PBXResourcesBuildPhase section */
		528B97111DB8942A008BAAF8 /* Resources */ = {
			isa = PBXResourcesBuildPhase;
			buildActionMask = 2147483647;
			files = (
				528B97241DB8942A008BAAF8 /* LaunchScreen.storyboard in Resources */,
				528B97211DB8942A008BAAF8 /* Assets.xcassets in Resources */,
				528B971C1DB8942A008BAAF8 /* Main.storyboard in Resources */,
			);
			runOnlyForDeploymentPostprocessing = 0;
		};
		528B97281DB8942A008BAAF8 /* Resources */ = {
			isa = PBXResourcesBuildPhase;
			buildActionMask = 2147483647;
			files = (
			);
			runOnlyForDeploymentPostprocessing = 0;
		};
		528B97331DB8942A008BAAF8 /* Resources */ = {
			isa = PBXResourcesBuildPhase;
			buildActionMask = 2147483647;
			files = (
			);
			runOnlyForDeploymentPostprocessing = 0;
		};
/* End PBXResourcesBuildPhase section */

/* Begin PBXSourcesBuildPhase section */
		528B970F1DB8942A008BAAF8 /* Sources */ = {
			isa = PBXSourcesBuildPhase;
			buildActionMask = 2147483647;
			files = (
				528B97191DB8942A008BAAF8 /* ViewController.swift in Sources */,
				528B971F1DB8942A008BAAF8 /* Bokan.xcdatamodeld in Sources */,
				528B974B1DB89681008BAAF8 /* RootViewController.swift in Sources */,
				528B97171DB8942A008BAAF8 /* AppDelegate.swift in Sources */,
			);
			runOnlyForDeploymentPostprocessing = 0;
		};
		528B97261DB8942A008BAAF8 /* Sources */ = {
			isa = PBXSourcesBuildPhase;
			buildActionMask = 2147483647;
			files = (
				528B972F1DB8942A008BAAF8 /* BokanTests.swift in Sources */,
			);
			runOnlyForDeploymentPostprocessing = 0;
		};
		528B97311DB8942A008BAAF8 /* Sources */ = {
			isa = PBXSourcesBuildPhase;
			buildActionMask = 2147483647;
			files = (
				528B973A1DB8942A008BAAF8 /* BokanUITests.swift in Sources */,
			);
			runOnlyForDeploymentPostprocessing = 0;
		};
/* End PBXSourcesBuildPhase section */

/* Begin PBXTargetDependency section */
		528B972C1DB8942A008BAAF8 /* PBXTargetDependency */ = {
			isa = PBXTargetDependency;
			target = 528B97121DB8942A008BAAF8 /* Bokan */;
			targetProxy = 528B972B1DB8942A008BAAF8 /* PBXContainerItemProxy */;
		};
		528B97371DB8942A008BAAF8 /* PBXTargetDependency */ = {
			isa = PBXTargetDependency;
			target = 528B97121DB8942A008BAAF8 /* Bokan */;
			targetProxy = 528B97361DB8942A008BAAF8 /* PBXContainerItemProxy */;
		};
/* End PBXTargetDependency section */

/* Begin PBXVariantGroup section */
		528B971A1DB8942A008BAAF8 /* Main.storyboard */ = {
			isa = PBXVariantGroup;
			children = (
				528B971B1DB8942A008BAAF8 /* Base */,
			);
			name = Main.storyboard;
			sourceTree = "<group>";
		};
		528B97221DB8942A008BAAF8 /* LaunchScreen.storyboard */ = {
			isa = PBXVariantGroup;
			children = (
				528B97231DB8942A008BAAF8 /* Base */,
			);
			name = LaunchScreen.storyboard;
			sourceTree = "<group>";
		};
/* End PBXVariantGroup section */

/* Begin XCBuildConfiguration section */
		528B973C1DB8942A008BAAF8 /* Debug */ = {
			isa = XCBuildConfiguration;
			buildSettings = {
				ALWAYS_SEARCH_USER_PATHS = NO;
				CLANG_ANALYZER_NONNULL = YES;
				CLANG_CXX_LANGUAGE_STANDARD = "gnu++0x";
				CLANG_CXX_LIBRARY = "libc++";
				CLANG_ENABLE_MODULES = YES;
				CLANG_ENABLE_OBJC_ARC = YES;
				CLANG_WARN_BOOL_CONVERSION = YES;
				CLANG_WARN_CONSTANT_CONVERSION = YES;
				CLANG_WARN_DIRECT_OBJC_ISA_USAGE = YES_ERROR;
				CLANG_WARN_EMPTY_BODY = YES;
				CLANG_WARN_ENUM_CONVERSION = YES;
				CLANG_WARN_INFINITE_RECURSION = YES;
				CLANG_WARN_INT_CONVERSION = YES;
				CLANG_WARN_OBJC_ROOT_CLASS = YES_ERROR;
				CLANG_WARN_SUSPICIOUS_MOVE = YES;
				CLANG_WARN_UNREACHABLE_CODE = YES;
				CLANG_WARN__DUPLICATE_METHOD_MATCH = YES;
				"CODE_SIGN_IDENTITY[sdk=iphoneos*]" = "iPhone Developer";
				COPY_PHASE_STRIP = NO;
				DEBUG_INFORMATION_FORMAT = dwarf;
				ENABLE_STRICT_OBJC_MSGSEND = YES;
				ENABLE_TESTABILITY = YES;
				GCC_C_LANGUAGE_STANDARD = gnu99;
				GCC_DYNAMIC_NO_PIC = NO;
				GCC_NO_COMMON_BLOCKS = YES;
				GCC_OPTIMIZATION_LEVEL = 0;
				GCC_PREPROCESSOR_DEFINITIONS = (
					"DEBUG=1",
					"$(inherited)",
				);
				GCC_WARN_64_TO_32_BIT_CONVERSION = YES;
				GCC_WARN_ABOUT_RETURN_TYPE = YES_ERROR;
				GCC_WARN_UNDECLARED_SELECTOR = YES;
				GCC_WARN_UNINITIALIZED_AUTOS = YES_AGGRESSIVE;
				GCC_WARN_UNUSED_FUNCTION = YES;
				GCC_WARN_UNUSED_VARIABLE = YES;
				IPHONEOS_DEPLOYMENT_TARGET = 9.3;
				MTL_ENABLE_DEBUG_INFO = YES;
				ONLY_ACTIVE_ARCH = YES;
				SDKROOT = iphoneos;
				SWIFT_OPTIMIZATION_LEVEL = "-Onone";
			};
			name = Debug;
		};
		528B973D1DB8942A008BAAF8 /* Release */ = {
			isa = XCBuildConfiguration;
			buildSettings = {
				ALWAYS_SEARCH_USER_PATHS = NO;
				CLANG_ANALYZER_NONNULL = YES;
				CLANG_CXX_LANGUAGE_STANDARD = "gnu++0x";
				CLANG_CXX_LIBRARY = "libc++";
				CLANG_ENABLE_MODULES = YES;
				CLANG_ENABLE_OBJC_ARC = YES;
				CLANG_WARN_BOOL_CONVERSION = YES;
				CLANG_WARN_CONSTANT_CONVERSION = YES;
				CLANG_WARN_DIRECT_OBJC_ISA_USAGE = YES_ERROR;
				CLANG_WARN_EMPTY_BODY = YES;
				CLANG_WARN_ENUM_CONVERSION = YES;
				CLANG_WARN_INFINITE_RECURSION = YES;
				CLANG_WARN_INT_CONVERSION = YES;
				CLANG_WARN_OBJC_ROOT_CLASS = YES_ERROR;
				CLANG_WARN_SUSPICIOUS_MOVE = YES;
				CLANG_WARN_UNREACHABLE_CODE = YES;
				CLANG_WARN__DUPLICATE_METHOD_MATCH = YES;
				"CODE_SIGN_IDENTITY[sdk=iphoneos*]" = "iPhone Developer";
				COPY_PHASE_STRIP = NO;
				DEBUG_INFORMATION_FORMAT = "dwarf-with-dsym";
				ENABLE_NS_ASSERTIONS = NO;
				ENABLE_STRICT_OBJC_MSGSEND = YES;
				GCC_C_LANGUAGE_STANDARD = gnu99;
				GCC_NO_COMMON_BLOCKS = YES;
				GCC_WARN_64_TO_32_BIT_CONVERSION = YES;
				GCC_WARN_ABOUT_RETURN_TYPE = YES_ERROR;
				GCC_WARN_UNDECLARED_SELECTOR = YES;
				GCC_WARN_UNINITIALIZED_AUTOS = YES_AGGRESSIVE;
				GCC_WARN_UNUSED_FUNCTION = YES;
				GCC_WARN_UNUSED_VARIABLE = YES;
				IPHONEOS_DEPLOYMENT_TARGET = 9.3;
				MTL_ENABLE_DEBUG_INFO = NO;
				SDKROOT = iphoneos;
				SWIFT_OPTIMIZATION_LEVEL = "-Owholemodule";
				VALIDATE_PRODUCT = YES;
			};
			name = Release;
		};
		528B973F1DB8942A008BAAF8 /* Debug */ = {
			isa = XCBuildConfiguration;
			buildSettings = {
				ASSETCATALOG_COMPILER_APPICON_NAME = AppIcon;
				INFOPLIST_FILE = Bokan/Info.plist;
				LD_RUNPATH_SEARCH_PATHS = "$(inherited) @executable_path/Frameworks";
				PRODUCT_BUNDLE_IDENTIFIER = com.zhaoyang.bokan.Bokan;
				PRODUCT_NAME = "$(TARGET_NAME)";
				SWIFT_VERSION = 3.0;
			};
			name = Debug;
		};
		528B97401DB8942A008BAAF8 /* Release */ = {
			isa = XCBuildConfiguration;
			buildSettings = {
				ASSETCATALOG_COMPILER_APPICON_NAME = AppIcon;
				INFOPLIST_FILE = Bokan/Info.plist;
				LD_RUNPATH_SEARCH_PATHS = "$(inherited) @executable_path/Frameworks";
				PRODUCT_BUNDLE_IDENTIFIER = com.zhaoyang.bokan.Bokan;
				PRODUCT_NAME = "$(TARGET_NAME)";
				SWIFT_VERSION = 3.0;
			};
			name = Release;
		};
		528B97421DB8942A008BAAF8 /* Debug */ = {
			isa = XCBuildConfiguration;
			buildSettings = {
				BUNDLE_LOADER = "$(TEST_HOST)";
				INFOPLIST_FILE = BokanTests/Info.plist;
				LD_RUNPATH_SEARCH_PATHS = "$(inherited) @executable_path/Frameworks @loader_path/Frameworks";
				PRODUCT_BUNDLE_IDENTIFIER = com.zhaoyang.bokan.BokanTests;
				PRODUCT_NAME = "$(TARGET_NAME)";
				SWIFT_VERSION = 3.0;
				TEST_HOST = "$(BUILT_PRODUCTS_DIR)/Bokan.app/Bokan";
			};
			name = Debug;
		};
		528B97431DB8942A008BAAF8 /* Release */ = {
			isa = XCBuildConfiguration;
			buildSettings = {
				BUNDLE_LOADER = "$(TEST_HOST)";
				INFOPLIST_FILE = BokanTests/Info.plist;
				LD_RUNPATH_SEARCH_PATHS = "$(inherited) @executable_path/Frameworks @loader_path/Frameworks";
				PRODUCT_BUNDLE_IDENTIFIER = com.zhaoyang.bokan.BokanTests;
				PRODUCT_NAME = "$(TARGET_NAME)";
				SWIFT_VERSION = 3.0;
				TEST_HOST = "$(BUILT_PRODUCTS_DIR)/Bokan.app/Bokan";
			};
			name = Release;
		};
		528B97451DB8942A008BAAF8 /* Debug */ = {
			isa = XCBuildConfiguration;
			buildSettings = {
				INFOPLIST_FILE = BokanUITests/Info.plist;
				LD_RUNPATH_SEARCH_PATHS = "$(inherited) @executable_path/Frameworks @loader_path/Frameworks";
				PRODUCT_BUNDLE_IDENTIFIER = com.zhaoyang.bokan.BokanUITests;
				PRODUCT_NAME = "$(TARGET_NAME)";
				SWIFT_VERSION = 3.0;
				TEST_TARGET_NAME = Bokan;
			};
			name = Debug;
		};
		528B97461DB8942A008BAAF8 /* Release */ = {
			isa = XCBuildConfiguration;
			buildSettings = {
				INFOPLIST_FILE = BokanUITests/Info.plist;
				LD_RUNPATH_SEARCH_PATHS = "$(inherited) @executable_path/Frameworks @loader_path/Frameworks";
				PRODUCT_BUNDLE_IDENTIFIER = com.zhaoyang.bokan.BokanUITests;
				PRODUCT_NAME = "$(TARGET_NAME)";
				SWIFT_VERSION = 3.0;
				TEST_TARGET_NAME = Bokan;
			};
			name = Release;
		};
/* End XCBuildConfiguration section */

/* Begin XCConfigurationList section */
		528B970E1DB8942A008BAAF8 /* Build configuration list for PBXProject "Bokan" */ = {
			isa = XCConfigurationList;
			buildConfigurations = (
				528B973C1DB8942A008BAAF8 /* Debug */,
				528B973D1DB8942A008BAAF8 /* Release */,
			);
			defaultConfigurationIsVisible = 0;
			defaultConfigurationName = Release;
		};
		528B973E1DB8942A008BAAF8 /* Build configuration list for PBXNativeTarget "Bokan" */ = {
			isa = XCConfigurationList;
			buildConfigurations = (
				528B973F1DB8942A008BAAF8 /* Debug */,
				528B97401DB8942A008BAAF8 /* Release */,
			);
			defaultConfigurationIsVisible = 0;
			defaultConfigurationName = Release;
		};
		528B97411DB8942A008BAAF8 /* Build configuration list for PBXNativeTarget "BokanTests" */ = {
			isa = XCConfigurationList;
			buildConfigurations = (
				528B97421DB8942A008BAAF8 /* Debug */,
				528B97431DB8942A008BAAF8 /* Release */,
			);
			defaultConfigurationIsVisible = 0;
			defaultConfigurationName = Release;
		};
		528B97441DB8942A008BAAF8 /* Build configuration list for PBXNativeTarget "BokanUITests" */ = {
			isa = XCConfigurationList;
			buildConfigurations = (
				528B97451DB8942A008BAAF8 /* Debug */,
				528B97461DB8942A008BAAF8 /* Release */,
			);
			defaultConfigurationIsVisible = 0;
			defaultConfigurationName = Release;
		};
/* End XCConfigurationList section */

/* Begin XCVersionGroup section */
		528B971D1DB8942A008BAAF8 /* Bokan.xcdatamodeld */ = {
			isa = XCVersionGroup;
			children = (
				528B971E1DB8942A008BAAF8 /* Bokan.xcdatamodel */,
			);
			currentVersion = 528B971E1DB8942A008BAAF8 /* Bokan.xcdatamodel */;
			path = Bokan.xcdatamodeld;
			sourceTree = "<group>";
			versionGroupType = wrapper.xcdatamodel;
		};
/* End XCVersionGroup section */
	};
	rootObject = 528B970B1DB8942A008BAAF8 /* Project object */;
}
